
Microsoft Visual Studio Solution File, Format Version 12.00
# Visual Studio Version 16
VisualStudioVersion = 16.0.31729.503
MinimumVisualStudioVersion = 10.0.40219.1
Project("{FAE04EC0-301F-11D3-BF4B-00C04F79EFBC}") = "WebApplication1", "WebApplication1\WebApplication1.csproj", "{D4A043E1-E698-4CA9-AC45-E33D23E9D4CC}"
EndProject
Global
	GlobalSection(SolutionConfigurationPlatforms) = preSolution
		Debug|Any CPU = Debug|Any CPU
		Release|Any CPU = Release|Any CPU
	EndGlobalSection
	GlobalSection(ProjectConfigurationPlatforms) = postSolution
		{D4A043E1-E698-4CA9-AC45-E33D23E9D4CC}.Debug|Any CPU.ActiveCfg = Debug|Any CPU
		{D4A043E1-E698-4CA9-AC45-E33D23E9D4CC}.Debug|Any CPU.Build.0 = Debug|Any CPU
		{D4A043E1-E698-4CA9-AC45-E33D23E9D4CC}.Release|Any CPU.ActiveCfg = Release|Any CPU
		{D4A043E1-E698-4CA9-AC45-E33D23E9D4CC}.Release|Any CPU.Build.0 = Release|Any CPU
	EndGlobalSection
	GlobalSection(SolutionProperties) = preSolution
		HideSolutionNode = FALSE
	EndGlobalSection
	GlobalSection(ExtensibilityGlobals) = postSolution
		SolutionGuid = {CD664E04-B061-47BB-9E09-36F650D33725}
	EndGlobalSection
EndGlobal
